
Microsoft Visual Studio Solution File, Format Version 12.00
# Visual Studio 15
VisualStudioVersion = 15.0.27428.2015
MinimumVisualStudioVersion = 10.0.40219.1
Project("{FAE04EC0-301F-11D3-BF4B-00C04F79EFBC}") = "BocceeBall_02", "BocceeBall_02\BocceeBall_02.csproj", "{DBE840F7-03A6-4314-BD44-101364D19E81}"
EndProject
Global
	GlobalSection(SolutionConfigurationPlatforms) = preSolution
		Debug|Any CPU = Debug|Any CPU
		Release|Any CPU = Release|Any CPU
	EndGlobalSection
	GlobalSection(ProjectConfigurationPlatforms) = postSolution
		{DBE840F7-03A6-4314-BD44-101364D19E81}.Debug|Any CPU.ActiveCfg = Debug|Any CPU
		{DBE840F7-03A6-4314-BD44-101364D19E81}.Debug|Any CPU.Build.0 = Debug|Any CPU
		{DBE840F7-03A6-4314-BD44-101364D19E81}.Release|Any CPU.ActiveCfg = Release|Any CPU
		{DBE840F7-03A6-4314-BD44-101364D19E81}.Release|Any CPU.Build.0 = Release|Any CPU
	EndGlobalSection
	GlobalSection(SolutionProperties) = preSolution
		HideSolutionNode = FALSE
	EndGlobalSection
	GlobalSection(ExtensibilityGlobals) = postSolution
		SolutionGuid = {C12F2BF8-7C34-4E9B-889E-779D2FABD355}
	EndGlobalSection
EndGlobal
